
Microsoft Visual Studio Solution File, Format Version 12.00
Project("{FAE04EC0-301F-11D3-BF4B-00C04F79EFBC}") = "SpotiSharpCollaborationHost", "SpotiSharpCollaborationHost\SpotiSharpCollaborationHost.csproj", "{9AE20ADA-E864-49F0-AE0F-570250BABC58}"
EndProject
Project("{FAE04EC0-301F-11D3-BF4B-00C04F79EFBC}") = "SpotiSharpBackend", "SpotiSharpBackend\SpotiSharpBackend.csproj", "{D26BD738-B618-4051-A3AB-756604EA7858}"
EndProject
Global
	GlobalSection(SolutionConfigurationPlatforms) = preSolution
		Debug|Any CPU = Debug|Any CPU
		Release|Any CPU = Release|Any CPU
	EndGlobalSection
	GlobalSection(ProjectConfigurationPlatforms) = postSolution
		{9AE20ADA-E864-49F0-AE0F-570250BABC58}.Debug|Any CPU.ActiveCfg = Debug|Any CPU
		{9AE20ADA-E864-49F0-AE0F-570250BABC58}.Debug|Any CPU.Build.0 = Debug|Any CPU
		{9AE20ADA-E864-49F0-AE0F-570250BABC58}.Release|Any CPU.ActiveCfg = Release|Any CPU
		{9AE20ADA-E864-49F0-AE0F-570250BABC58}.Release|Any CPU.Build.0 = Release|Any CPU
		{D26BD738-B618-4051-A3AB-756604EA7858}.Debug|Any CPU.ActiveCfg = Debug|Any CPU
		{D26BD738-B618-4051-A3AB-756604EA7858}.Debug|Any CPU.Build.0 = Debug|Any CPU
		{D26BD738-B618-4051-A3AB-756604EA7858}.Release|Any CPU.ActiveCfg = Release|Any CPU
		{D26BD738-B618-4051-A3AB-756604EA7858}.Release|Any CPU.Build.0 = Release|Any CPU
	EndGlobalSection
EndGlobal
